{
  "name": "@aikuma/gestate",
  "version": "0.4.0",
  "lockfileVersion": 1,
  "requires": true,
  "dependencies": {
    "randomcolor": {
      "version": "0.5.4",
      "resolved": "https://registry.npmjs.org/randomcolor/-/randomcolor-0.5.4.tgz",
      "integrity": "sha512-nYd4nmTuuwMFzHL6W+UWR5fNERGZeVauho8mrJDUSXdNDbao4rbrUwhuLgKC/j8VCS5+34Ria8CsTDuBjrIrQA=="
    },
    "typescript": {
      "version": "3.4.4",
      "resolved": "https://registry.npmjs.org/typescript/-/typescript-3.4.4.tgz",
      "integrity": "sha512-xt5RsIRCEaf6+j9AyOBgvVuAec0i92rgCaS3S+UVf5Z/vF2Hvtsw08wtUTJqp4djwznoAgjSxeCcU4r+CcDBJA==",
      "dev": true
    }
  }
}
